{
    "_readme": [
        "This file locks the dependencies of your project to a known state",
        "Read more about it at https://getcomposer.org/doc/01-basic-usage.md#installing-dependencies",
        "This file is @generated automatically"
    ],
    "content-hash": "bd7f9ba90cd5d1515031485da7ae8c38",
    "packages": [
        {
            "name": "afipsdk/afip.php",
            "version": "v1.1.5",
            "source": {
                "type": "git",
                "url": "https://github.com/AfipSDK/afip.php.git",
                "reference": "62a13ab5780a93eb5f301abcd2854df6a9cef56c"
            },
            "dist": {
                "type": "zip",
                "url": "https://api.github.com/repos/AfipSDK/afip.php/zipball/62a13ab5780a93eb5f301abcd2854df6a9cef56c",
                "reference": "62a13ab5780a93eb5f301abcd2854df6a9cef56c",
                "shasum": ""
            },
            "require": {
                "php": ">=5.3.3"
            },
            "type": "library",
            "autoload": {
                "files": [
                    "src/Afip.php"
                ]
            },
            "notification-url": "https://packagist.org/downloads/",
            "license": [
                "MIT"
            ],
            "authors": [
                {
                    "name": "Afip SDK",
                    "email": "afipsdk@gmail.com"
                }
            ],
            "description": "Libreria para usar los Web Services de AFIP (Argentina) ",
            "homepage": "https://github.com/afipsdk/afip.php",
            "keywords": [
                "afip",
                "cae",
                "contribuyente",
                "facturacion-electronica",
                "gratis",
                "libreria",
                "padron",
                "soap"
            ],
            "support": {
                "issues": "https://github.com/AfipSDK/afip.php/issues",
                "source": "https://github.com/AfipSDK/afip.php/tree/v1.1.5"
            },
            "time": "2025-07-07T07:36:40+00:00"
        }
    ],
    "packages-dev": [],
    "aliases": [],
    "minimum-stability": "stable",
    "stability-flags": [],
    "prefer-stable": false,
    "prefer-lowest": false,
    "platform": [],
    "platform-dev": [],
    "plugin-api-version": "2.3.0"
}
